
Microsoft Visual Studio Solution File, Format Version 12.00
# Visual Studio 15
Project("{FAE04EC0-301F-11D3-BF4B-00C04F79EFBC}") = "Assembly-CSharp-firstpass", "Assembly-CSharp-firstpass.csproj", "{8D86B1F1-7BB9-EC31-E13D-6115C5260399}"
EndProject
Project("{FAE04EC0-301F-11D3-BF4B-00C04F79EFBC}") = "Assembly-CSharp", "Assembly-CSharp.csproj", "{B2F2A833-3FA0-C1CF-99F6-4989EB8F9C42}"
EndProject
Project("{FAE04EC0-301F-11D3-BF4B-00C04F79EFBC}") = "Assembly-CSharp-Editor-firstpass", "Assembly-CSharp-Editor-firstpass.csproj", "{CFFE2BDE-3EF2-96C7-F48F-F3AFEFBF8C65}"
EndProject
Global
	GlobalSection(SolutionConfigurationPlatforms) = preSolution
		Debug|Any CPU = Debug|Any CPU
		Release|Any CPU = Release|Any CPU
	EndGlobalSection
	GlobalSection(ProjectConfigurationPlatforms) = postSolution
		{8D86B1F1-7BB9-EC31-E13D-6115C5260399}.Debug|Any CPU.ActiveCfg = Debug|Any CPU
		{8D86B1F1-7BB9-EC31-E13D-6115C5260399}.Debug|Any CPU.Build.0 = Debug|Any CPU
		{8D86B1F1-7BB9-EC31-E13D-6115C5260399}.Release|Any CPU.ActiveCfg = Release|Any CPU
		{8D86B1F1-7BB9-EC31-E13D-6115C5260399}.Release|Any CPU.Build.0 = Release|Any CPU
		{B2F2A833-3FA0-C1CF-99F6-4989EB8F9C42}.Debug|Any CPU.ActiveCfg = Debug|Any CPU
		{B2F2A833-3FA0-C1CF-99F6-4989EB8F9C42}.Debug|Any CPU.Build.0 = Debug|Any CPU
		{B2F2A833-3FA0-C1CF-99F6-4989EB8F9C42}.Release|Any CPU.ActiveCfg = Release|Any CPU
		{B2F2A833-3FA0-C1CF-99F6-4989EB8F9C42}.Release|Any CPU.Build.0 = Release|Any CPU
		{CFFE2BDE-3EF2-96C7-F48F-F3AFEFBF8C65}.Debug|Any CPU.ActiveCfg = Debug|Any CPU
		{CFFE2BDE-3EF2-96C7-F48F-F3AFEFBF8C65}.Debug|Any CPU.Build.0 = Debug|Any CPU
		{CFFE2BDE-3EF2-96C7-F48F-F3AFEFBF8C65}.Release|Any CPU.ActiveCfg = Release|Any CPU
		{CFFE2BDE-3EF2-96C7-F48F-F3AFEFBF8C65}.Release|Any CPU.Build.0 = Release|Any CPU
	EndGlobalSection
	GlobalSection(SolutionProperties) = preSolution
		HideSolutionNode = FALSE
	EndGlobalSection
EndGlobal
